
Microsoft Visual Studio Solution File, Format Version 12.00
# Visual Studio Version 16
VisualStudioVersion = 16.0.32901.82
MinimumVisualStudioVersion = 10.0.40219.1
Project("{FAE04EC0-301F-11D3-BF4B-00C04F79EFBC}") = "ConsoleApp16", "ConsoleApp16\ConsoleApp16.csproj", "{1C49EC21-2395-403B-A8E7-EE177E13A2AF}"
EndProject
Global
	GlobalSection(SolutionConfigurationPlatforms) = preSolution
		Debug|Any CPU = Debug|Any CPU
		Release|Any CPU = Release|Any CPU
	EndGlobalSection
	GlobalSection(ProjectConfigurationPlatforms) = postSolution
		{1C49EC21-2395-403B-A8E7-EE177E13A2AF}.Debug|Any CPU.ActiveCfg = Debug|Any CPU
		{1C49EC21-2395-403B-A8E7-EE177E13A2AF}.Debug|Any CPU.Build.0 = Debug|Any CPU
		{1C49EC21-2395-403B-A8E7-EE177E13A2AF}.Release|Any CPU.ActiveCfg = Release|Any CPU
		{1C49EC21-2395-403B-A8E7-EE177E13A2AF}.Release|Any CPU.Build.0 = Release|Any CPU
	EndGlobalSection
	GlobalSection(SolutionProperties) = preSolution
		HideSolutionNode = FALSE
	EndGlobalSection
	GlobalSection(ExtensibilityGlobals) = postSolution
		SolutionGuid = {48487841-5F79-4A19-8D45-521418973142}
	EndGlobalSection
EndGlobal
